
Microsoft Visual Studio Solution File, Format Version 12.00
# Visual Studio 14
VisualStudioVersion = 14.0.25420.1
MinimumVisualStudioVersion = 10.0.40219.1
Project("{2150E333-8FDC-42A3-9474-1A3956D46DE8}") = "src", "src", "{7172BB70-67BF-475A-945B-F54903503CB5}"
EndProject
Project("{2150E333-8FDC-42A3-9474-1A3956D46DE8}") = "Solution Items", "Solution Items", "{4DB8E557-6A7C-4ED7-80A2-157F974CB4B7}"
	ProjectSection(SolutionItems) = preProject
		global.json = global.json
	EndProjectSection
EndProject
Project("{8BB2217D-0F2D-49D1-97BC-3654ED321F3B}") = "ReactNativeLogin", "src\ReactNativeLogin\ReactNativeLogin.xproj", "{66D05D9E-E4D6-488B-8270-4680C21AAA43}"
EndProject
Project("{8BB2217D-0F2D-49D1-97BC-3654ED321F3B}") = "VoAlzira.Domain", "src\VoAlzira.Domain\VoAlzira.Domain.xproj", "{88FD63B0-28ED-4793-BA1E-B4997DACF352}"
EndProject
Project("{8BB2217D-0F2D-49D1-97BC-3654ED321F3B}") = "VoAlzira.Repository", "src\VoAlzira.Repository\VoAlzira.Repository.xproj", "{C92017DE-8A8F-430A-9C36-98155F778BB0}"
EndProject
Global
	GlobalSection(SolutionConfigurationPlatforms) = preSolution
		Debug|Any CPU = Debug|Any CPU
		Release|Any CPU = Release|Any CPU
	EndGlobalSection
	GlobalSection(ProjectConfigurationPlatforms) = postSolution
		{66D05D9E-E4D6-488B-8270-4680C21AAA43}.Debug|Any CPU.ActiveCfg = Debug|Any CPU
		{66D05D9E-E4D6-488B-8270-4680C21AAA43}.Debug|Any CPU.Build.0 = Debug|Any CPU
		{66D05D9E-E4D6-488B-8270-4680C21AAA43}.Release|Any CPU.ActiveCfg = Release|Any CPU
		{66D05D9E-E4D6-488B-8270-4680C21AAA43}.Release|Any CPU.Build.0 = Release|Any CPU
		{88FD63B0-28ED-4793-BA1E-B4997DACF352}.Debug|Any CPU.ActiveCfg = Debug|Any CPU
		{88FD63B0-28ED-4793-BA1E-B4997DACF352}.Debug|Any CPU.Build.0 = Debug|Any CPU
		{88FD63B0-28ED-4793-BA1E-B4997DACF352}.Release|Any CPU.ActiveCfg = Release|Any CPU
		{88FD63B0-28ED-4793-BA1E-B4997DACF352}.Release|Any CPU.Build.0 = Release|Any CPU
		{C92017DE-8A8F-430A-9C36-98155F778BB0}.Debug|Any CPU.ActiveCfg = Debug|Any CPU
		{C92017DE-8A8F-430A-9C36-98155F778BB0}.Debug|Any CPU.Build.0 = Debug|Any CPU
		{C92017DE-8A8F-430A-9C36-98155F778BB0}.Release|Any CPU.ActiveCfg = Release|Any CPU
		{C92017DE-8A8F-430A-9C36-98155F778BB0}.Release|Any CPU.Build.0 = Release|Any CPU
	EndGlobalSection
	GlobalSection(SolutionProperties) = preSolution
		HideSolutionNode = FALSE
	EndGlobalSection
	GlobalSection(NestedProjects) = preSolution
		{66D05D9E-E4D6-488B-8270-4680C21AAA43} = {7172BB70-67BF-475A-945B-F54903503CB5}
		{88FD63B0-28ED-4793-BA1E-B4997DACF352} = {7172BB70-67BF-475A-945B-F54903503CB5}
		{C92017DE-8A8F-430A-9C36-98155F778BB0} = {7172BB70-67BF-475A-945B-F54903503CB5}
	EndGlobalSection
EndGlobal
